// !$*UTF8*$!
{
	archiveVersion = 1;
	classes = {
	};
	objectVersion = 56;
	objects = {

/* Begin PBXBuildFile section */
		DC679F16291C00D200AB8402 /* Alamofire in Frameworks */ = {isa = PBXBuildFile; productRef = DC679F15291C00D200AB8402 /* Alamofire */; };
		DC679F20291D274000AB8402 /* AppColor.swift in Sources */ = {isa = PBXBuildFile; fileRef = DC679F1F291D274000AB8402 /* AppColor.swift */; };
		DC679F23291D2B1100AB8402 /* PokemonCell.swift in Sources */ = {isa = PBXBuildFile; fileRef = DC679F22291D2B1100AB8402 /* PokemonCell.swift */; };
		DC679F26291D2B8F00AB8402 /* Pokemon.swift in Sources */ = {isa = PBXBuildFile; fileRef = DC679F25291D2B8F00AB8402 /* Pokemon.swift */; };
		DC679F29291D31EB00AB8402 /* APIManager.swift in Sources */ = {isa = PBXBuildFile; fileRef = DC679F28291D31EB00AB8402 /* APIManager.swift */; };
		DC679F3C291E990400AB8402 /* PokemonUILabel.swift in Sources */ = {isa = PBXBuildFile; fileRef = DC679F3B291E990400AB8402 /* PokemonUILabel.swift */; };
		DC679F3F291EA1C300AB8402 /* PokemonUIStackView.swift in Sources */ = {isa = PBXBuildFile; fileRef = DC679F3E291EA1C300AB8402 /* PokemonUIStackView.swift */; };
		DC6B9126291ABED8007505AF /* AppDelegate.swift in Sources */ = {isa = PBXBuildFile; fileRef = DC6B9125291ABED8007505AF /* AppDelegate.swift */; };
		DC6B9128291ABED8007505AF /* SceneDelegate.swift in Sources */ = {isa = PBXBuildFile; fileRef = DC6B9127291ABED8007505AF /* SceneDelegate.swift */; };
		DC6B912F291ABEDA007505AF /* Assets.xcassets in Resources */ = {isa = PBXBuildFile; fileRef = DC6B912E291ABEDA007505AF /* Assets.xcassets */; };
		DC6B9132291ABEDA007505AF /* LaunchScreen.storyboard in Resources */ = {isa = PBXBuildFile; fileRef = DC6B9130291ABEDA007505AF /* LaunchScreen.storyboard */; };
		DC94C60929216B9C000AB7B2 /* PokemonListView.swift in Sources */ = {isa = PBXBuildFile; fileRef = DC94C60829216B9C000AB7B2 /* PokemonListView.swift */; };
		DC94C60B29216C0C000AB7B2 /* PokemonListPresenter.swift in Sources */ = {isa = PBXBuildFile; fileRef = DC94C60A29216C0C000AB7B2 /* PokemonListPresenter.swift */; };
		DC94C61729227775000AB7B2 /* PokemonListView+TableView.swift in Sources */ = {isa = PBXBuildFile; fileRef = DC94C61629227775000AB7B2 /* PokemonListView+TableView.swift */; };
		DC94C619292277A2000AB7B2 /* PokemonListView+ListView.swift in Sources */ = {isa = PBXBuildFile; fileRef = DC94C618292277A2000AB7B2 /* PokemonListView+ListView.swift */; };
		DC94C61D2922A35E000AB7B2 /* APIManager+Constants.swift in Sources */ = {isa = PBXBuildFile; fileRef = DC94C61C2922A35E000AB7B2 /* APIManager+Constants.swift */; };
		DC94C61F2922A399000AB7B2 /* UIView+Constraints.swift in Sources */ = {isa = PBXBuildFile; fileRef = DC94C61E2922A399000AB7B2 /* UIView+Constraints.swift */; };
/* End PBXBuildFile section */

/* Begin PBXFileReference section */
		DC679F1F291D274000AB8402 /* AppColor.swift */ = {isa = PBXFileReference; lastKnownFileType = sourcecode.swift; path = AppColor.swift; sourceTree = "<group>"; };
		DC679F22291D2B1100AB8402 /* PokemonCell.swift */ = {isa = PBXFileReference; lastKnownFileType = sourcecode.swift; path = PokemonCell.swift; sourceTree = "<group>"; };
		DC679F25291D2B8F00AB8402 /* Pokemon.swift */ = {isa = PBXFileReference; lastKnownFileType = sourcecode.swift; path = Pokemon.swift; sourceTree = "<group>"; };
		DC679F28291D31EB00AB8402 /* APIManager.swift */ = {isa = PBXFileReference; lastKnownFileType = sourcecode.swift; path = APIManager.swift; sourceTree = "<group>"; };
		DC679F3B291E990400AB8402 /* PokemonUILabel.swift */ = {isa = PBXFileReference; lastKnownFileType = sourcecode.swift; path = PokemonUILabel.swift; sourceTree = "<group>"; };
		DC679F3E291EA1C300AB8402 /* PokemonUIStackView.swift */ = {isa = PBXFileReference; lastKnownFileType = sourcecode.swift; path = PokemonUIStackView.swift; sourceTree = "<group>"; };
		DC6B9122291ABED8007505AF /* PokemonApp.app */ = {isa = PBXFileReference; explicitFileType = wrapper.application; includeInIndex = 0; path = PokemonApp.app; sourceTree = BUILT_PRODUCTS_DIR; };
		DC6B9125291ABED8007505AF /* AppDelegate.swift */ = {isa = PBXFileReference; lastKnownFileType = sourcecode.swift; path = AppDelegate.swift; sourceTree = "<group>"; };
		DC6B9127291ABED8007505AF /* SceneDelegate.swift */ = {isa = PBXFileReference; lastKnownFileType = sourcecode.swift; path = SceneDelegate.swift; sourceTree = "<group>"; };
		DC6B912E291ABEDA007505AF /* Assets.xcassets */ = {isa = PBXFileReference; lastKnownFileType = folder.assetcatalog; path = Assets.xcassets; sourceTree = "<group>"; };
		DC6B9131291ABEDA007505AF /* Base */ = {isa = PBXFileReference; lastKnownFileType = file.storyboard; name = Base; path = Base.lproj/LaunchScreen.storyboard; sourceTree = "<group>"; };
		DC6B9133291ABEDA007505AF /* Info.plist */ = {isa = PBXFileReference; lastKnownFileType = text.plist.xml; path = Info.plist; sourceTree = "<group>"; };
		DC94C60829216B9C000AB7B2 /* PokemonListView.swift */ = {isa = PBXFileReference; lastKnownFileType = sourcecode.swift; path = PokemonListView.swift; sourceTree = "<group>"; };
		DC94C60A29216C0C000AB7B2 /* PokemonListPresenter.swift */ = {isa = PBXFileReference; lastKnownFileType = sourcecode.swift; path = PokemonListPresenter.swift; sourceTree = "<group>"; };
		DC94C61629227775000AB7B2 /* PokemonListView+TableView.swift */ = {isa = PBXFileReference; lastKnownFileType = sourcecode.swift; path = "PokemonListView+TableView.swift"; sourceTree = "<group>"; };
		DC94C618292277A2000AB7B2 /* PokemonListView+ListView.swift */ = {isa = PBXFileReference; lastKnownFileType = sourcecode.swift; path = "PokemonListView+ListView.swift"; sourceTree = "<group>"; };
		DC94C61C2922A35E000AB7B2 /* APIManager+Constants.swift */ = {isa = PBXFileReference; lastKnownFileType = sourcecode.swift; path = "APIManager+Constants.swift"; sourceTree = "<group>"; };
		DC94C61E2922A399000AB7B2 /* UIView+Constraints.swift */ = {isa = PBXFileReference; lastKnownFileType = sourcecode.swift; path = "UIView+Constraints.swift"; sourceTree = "<group>"; };
/* End PBXFileReference section */

/* Begin PBXFrameworksBuildPhase section */
		DC6B911F291ABED8007505AF /* Frameworks */ = {
			isa = PBXFrameworksBuildPhase;
			buildActionMask = 2147483647;
			files = (
				DC679F16291C00D200AB8402 /* Alamofire in Frameworks */,
			);
			runOnlyForDeploymentPostprocessing = 0;
		};
/* End PBXFrameworksBuildPhase section */

/* Begin PBXGroup section */
		DC679F1A291D223C00AB8402 /* Extensions */ = {
			isa = PBXGroup;
			children = (
				DC94C61B29227842000AB7B2 /* APIManager */,
				DC94C61529227748000AB7B2 /* PokemonListView */,
				DC94C61A2922783C000AB7B2 /* UIView */,
			);
			path = Extensions;
			sourceTree = "<group>";
		};
		DC679F21291D2AED00AB8402 /* Cells */ = {
			isa = PBXGroup;
			children = (
				DC679F22291D2B1100AB8402 /* PokemonCell.swift */,
			);
			path = Cells;
			sourceTree = "<group>";
		};
		DC679F24291D2B7E00AB8402 /* Models */ = {
			isa = PBXGroup;
			children = (
				DC679F25291D2B8F00AB8402 /* Pokemon.swift */,
			);
			path = Models;
			sourceTree = "<group>";
		};
		DC679F27291D31D700AB8402 /* Manager */ = {
			isa = PBXGroup;
			children = (
				DC679F28291D31EB00AB8402 /* APIManager.swift */,
			);
			path = Manager;
			sourceTree = "<group>";
		};
		DC679F39291E98CD00AB8402 /* Custom */ = {
			isa = PBXGroup;
			children = (
				DC679F3D291EA1AD00AB8402 /* UIStackView */,
				DC679F3A291E98E300AB8402 /* UILabel */,
			);
			path = Custom;
			sourceTree = "<group>";
		};
		DC679F3A291E98E300AB8402 /* UILabel */ = {
			isa = PBXGroup;
			children = (
				DC679F3B291E990400AB8402 /* PokemonUILabel.swift */,
			);
			path = UILabel;
			sourceTree = "<group>";
		};
		DC679F3D291EA1AD00AB8402 /* UIStackView */ = {
			isa = PBXGroup;
			children = (
				DC679F3E291EA1C300AB8402 /* PokemonUIStackView.swift */,
			);
			path = UIStackView;
			sourceTree = "<group>";
		};
		DC6B9119291ABED8007505AF = {
			isa = PBXGroup;
			children = (
				DC6B9124291ABED8007505AF /* PokemonApp */,
				DC6B9123291ABED8007505AF /* Products */,
			);
			sourceTree = "<group>";
		};
		DC6B9123291ABED8007505AF /* Products */ = {
			isa = PBXGroup;
			children = (
				DC6B9122291ABED8007505AF /* PokemonApp.app */,
			);
			name = Products;
			sourceTree = "<group>";
		};
		DC6B9124291ABED8007505AF /* PokemonApp */ = {
			isa = PBXGroup;
			children = (
				DC6B913F291AC67E007505AF /* Assets */,
				DC679F21291D2AED00AB8402 /* Cells */,
				DC679F39291E98CD00AB8402 /* Custom */,
				DC6B913D291AC65E007505AF /* Delegates */,
				DC679F1A291D223C00AB8402 /* Extensions */,
				DC6B9133291ABEDA007505AF /* Info.plist */,
				DC679F27291D31D700AB8402 /* Manager */,
				DC679F24291D2B7E00AB8402 /* Models */,
				DC94C60629216B43000AB7B2 /* Modules */,
				DC6B9140291AC68A007505AF /* Storyboards */,
			);
			path = PokemonApp;
			sourceTree = "<group>";
		};
		DC6B913D291AC65E007505AF /* Delegates */ = {
			isa = PBXGroup;
			children = (
				DC6B9125291ABED8007505AF /* AppDelegate.swift */,
				DC6B9127291ABED8007505AF /* SceneDelegate.swift */,
			);
			path = Delegates;
			sourceTree = "<group>";
		};
		DC6B913F291AC67E007505AF /* Assets */ = {
			isa = PBXGroup;
			children = (
				DC6B912E291ABEDA007505AF /* Assets.xcassets */,
				DC679F1F291D274000AB8402 /* AppColor.swift */,
			);
			path = Assets;
			sourceTree = "<group>";
		};
		DC6B9140291AC68A007505AF /* Storyboards */ = {
			isa = PBXGroup;
			children = (
				DC6B9130291ABEDA007505AF /* LaunchScreen.storyboard */,
			);
			path = Storyboards;
			sourceTree = "<group>";
		};
		DC94C60629216B43000AB7B2 /* Modules */ = {
			isa = PBXGroup;
			children = (
				DC94C60729216B5B000AB7B2 /* PokemonList */,
			);
			path = Modules;
			sourceTree = "<group>";
		};
		DC94C60729216B5B000AB7B2 /* PokemonList */ = {
			isa = PBXGroup;
			children = (
				DC94C60A29216C0C000AB7B2 /* PokemonListPresenter.swift */,
				DC94C60829216B9C000AB7B2 /* PokemonListView.swift */,
			);
			path = PokemonList;
			sourceTree = "<group>";
		};
		DC94C61529227748000AB7B2 /* PokemonListView */ = {
			isa = PBXGroup;
			children = (
				DC94C61629227775000AB7B2 /* PokemonListView+TableView.swift */,
				DC94C618292277A2000AB7B2 /* PokemonListView+ListView.swift */,
			);
			path = PokemonListView;
			sourceTree = "<group>";
		};
		DC94C61A2922783C000AB7B2 /* UIView */ = {
			isa = PBXGroup;
			children = (
				DC94C61E2922A399000AB7B2 /* UIView+Constraints.swift */,
			);
			path = UIView;
			sourceTree = "<group>";
		};
		DC94C61B29227842000AB7B2 /* APIManager */ = {
			isa = PBXGroup;
			children = (
				DC94C61C2922A35E000AB7B2 /* APIManager+Constants.swift */,
			);
			path = APIManager;
			sourceTree = "<group>";
		};
/* End PBXGroup section */

/* Begin PBXNativeTarget section */
		DC6B9121291ABED8007505AF /* PokemonApp */ = {
			isa = PBXNativeTarget;
			buildConfigurationList = DC6B9136291ABEDA007505AF /* Build configuration list for PBXNativeTarget "PokemonApp" */;
			buildPhases = (
				DC6B911E291ABED8007505AF /* Sources */,
				DC6B911F291ABED8007505AF /* Frameworks */,
				DC6B9120291ABED8007505AF /* Resources */,
				DC6B9141291AC70E007505AF /* Run Script */,
			);
			buildRules = (
			);
			dependencies = (
			);
			name = PokemonApp;
			packageProductDependencies = (
				DC679F15291C00D200AB8402 /* Alamofire */,
			);
			productName = PokemonApp;
			productReference = DC6B9122291ABED8007505AF /* PokemonApp.app */;
			productType = "com.apple.product-type.application";
		};
/* End PBXNativeTarget section */

/* Begin PBXProject section */
		DC6B911A291ABED8007505AF /* Project object */ = {
			isa = PBXProject;
			attributes = {
				BuildIndependentTargetsInParallel = 1;
				LastSwiftUpdateCheck = 1410;
				LastUpgradeCheck = 1410;
				TargetAttributes = {
					DC6B9121291ABED8007505AF = {
						CreatedOnToolsVersion = 14.1;
					};
				};
			};
			buildConfigurationList = DC6B911D291ABED8007505AF /* Build configuration list for PBXProject "PokemonApp" */;
			compatibilityVersion = "Xcode 14.0";
			developmentRegion = en;
			hasScannedForEncodings = 0;
			knownRegions = (
				en,
				Base,
			);
			mainGroup = DC6B9119291ABED8007505AF;
			packageReferences = (
				DC679F14291C00D200AB8402 /* XCRemoteSwiftPackageReference "Alamofire" */,
			);
			productRefGroup = DC6B9123291ABED8007505AF /* Products */;
			projectDirPath = "";
			projectRoot = "";
			targets = (
				DC6B9121291ABED8007505AF /* PokemonApp */,
			);
		};
/* End PBXProject section */

/* Begin PBXResourcesBuildPhase section */
		DC6B9120291ABED8007505AF /* Resources */ = {
			isa = PBXResourcesBuildPhase;
			buildActionMask = 2147483647;
			files = (
				DC6B9132291ABEDA007505AF /* LaunchScreen.storyboard in Resources */,
				DC6B912F291ABEDA007505AF /* Assets.xcassets in Resources */,
			);
			runOnlyForDeploymentPostprocessing = 0;
		};
/* End PBXResourcesBuildPhase section */

/* Begin PBXShellScriptBuildPhase section */
		DC6B9141291AC70E007505AF /* Run Script */ = {
			isa = PBXShellScriptBuildPhase;
			alwaysOutOfDate = 1;
			buildActionMask = 12;
			files = (
			);
			inputFileListPaths = (
			);
			inputPaths = (
			);
			name = "Run Script";
			outputFileListPaths = (
			);
			outputPaths = (
			);
			runOnlyForDeploymentPostprocessing = 0;
			shellPath = /bin/sh;
			shellScript = "if test -d \"/opt/homebrew/bin/\"; then\n  PATH=\"/opt/homebrew/bin/:${PATH}\"\nfi\n\nexport PATH\n\nif which swiftlint >/dev/null; then\n  swiftlint\nelse\n  echo \"warning: SwiftLint not installed, download from https://github.com/realm/SwiftLint\"\nfi\n";
		};
/* End PBXShellScriptBuildPhase section */

/* Begin PBXSourcesBuildPhase section */
		DC6B911E291ABED8007505AF /* Sources */ = {
			isa = PBXSourcesBuildPhase;
			buildActionMask = 2147483647;
			files = (
				DC94C61D2922A35E000AB7B2 /* APIManager+Constants.swift in Sources */,
				DC94C61729227775000AB7B2 /* PokemonListView+TableView.swift in Sources */,
				DC679F29291D31EB00AB8402 /* APIManager.swift in Sources */,
				DC94C61F2922A399000AB7B2 /* UIView+Constraints.swift in Sources */,
				DC679F3F291EA1C300AB8402 /* PokemonUIStackView.swift in Sources */,
				DC679F26291D2B8F00AB8402 /* Pokemon.swift in Sources */,
				DC94C619292277A2000AB7B2 /* PokemonListView+ListView.swift in Sources */,
				DC94C60929216B9C000AB7B2 /* PokemonListView.swift in Sources */,
				DC6B9126291ABED8007505AF /* AppDelegate.swift in Sources */,
				DC94C60B29216C0C000AB7B2 /* PokemonListPresenter.swift in Sources */,
				DC6B9128291ABED8007505AF /* SceneDelegate.swift in Sources */,
				DC679F20291D274000AB8402 /* AppColor.swift in Sources */,
				DC679F23291D2B1100AB8402 /* PokemonCell.swift in Sources */,
				DC679F3C291E990400AB8402 /* PokemonUILabel.swift in Sources */,
			);
			runOnlyForDeploymentPostprocessing = 0;
		};
/* End PBXSourcesBuildPhase section */

/* Begin PBXVariantGroup section */
		DC6B9130291ABEDA007505AF /* LaunchScreen.storyboard */ = {
			isa = PBXVariantGroup;
			children = (
				DC6B9131291ABEDA007505AF /* Base */,
			);
			name = LaunchScreen.storyboard;
			sourceTree = "<group>";
		};
/* End PBXVariantGroup section */

/* Begin XCBuildConfiguration section */
		DC6B9134291ABEDA007505AF /* Debug */ = {
			isa = XCBuildConfiguration;
			buildSettings = {
				ALWAYS_SEARCH_USER_PATHS = NO;
				CLANG_ANALYZER_NONNULL = YES;
				CLANG_ANALYZER_NUMBER_OBJECT_CONVERSION = YES_AGGRESSIVE;
				CLANG_CXX_LANGUAGE_STANDARD = "gnu++20";
				CLANG_ENABLE_MODULES = YES;
				CLANG_ENABLE_OBJC_ARC = YES;
				CLANG_ENABLE_OBJC_WEAK = YES;
				CLANG_WARN_BLOCK_CAPTURE_AUTORELEASING = YES;
				CLANG_WARN_BOOL_CONVERSION = YES;
				CLANG_WARN_COMMA = YES;
				CLANG_WARN_CONSTANT_CONVERSION = YES;
				CLANG_WARN_DEPRECATED_OBJC_IMPLEMENTATIONS = YES;
				CLANG_WARN_DIRECT_OBJC_ISA_USAGE = YES_ERROR;
				CLANG_WARN_DOCUMENTATION_COMMENTS = YES;
				CLANG_WARN_EMPTY_BODY = YES;
				CLANG_WARN_ENUM_CONVERSION = YES;
				CLANG_WARN_INFINITE_RECURSION = YES;
				CLANG_WARN_INT_CONVERSION = YES;
				CLANG_WARN_NON_LITERAL_NULL_CONVERSION = YES;
				CLANG_WARN_OBJC_IMPLICIT_RETAIN_SELF = YES;
				CLANG_WARN_OBJC_LITERAL_CONVERSION = YES;
				CLANG_WARN_OBJC_ROOT_CLASS = YES_ERROR;
				CLANG_WARN_QUOTED_INCLUDE_IN_FRAMEWORK_HEADER = YES;
				CLANG_WARN_RANGE_LOOP_ANALYSIS = YES;
				CLANG_WARN_STRICT_PROTOTYPES = YES;
				CLANG_WARN_SUSPICIOUS_MOVE = YES;
				CLANG_WARN_UNGUARDED_AVAILABILITY = YES_AGGRESSIVE;
				CLANG_WARN_UNREACHABLE_CODE = YES;
				CLANG_WARN__DUPLICATE_METHOD_MATCH = YES;
				COPY_PHASE_STRIP = NO;
				DEBUG_INFORMATION_FORMAT = dwarf;
				ENABLE_STRICT_OBJC_MSGSEND = YES;
				ENABLE_TESTABILITY = YES;
				GCC_C_LANGUAGE_STANDARD = gnu11;
				GCC_DYNAMIC_NO_PIC = NO;
				GCC_NO_COMMON_BLOCKS = YES;
				GCC_OPTIMIZATION_LEVEL = 0;
				GCC_PREPROCESSOR_DEFINITIONS = (
					"DEBUG=1",
					"$(inherited)",
				);
				GCC_WARN_64_TO_32_BIT_CONVERSION = YES;
				GCC_WARN_ABOUT_RETURN_TYPE = YES_ERROR;
				GCC_WARN_UNDECLARED_SELECTOR = YES;
				GCC_WARN_UNINITIALIZED_AUTOS = YES_AGGRESSIVE;
				GCC_WARN_UNUSED_FUNCTION = YES;
				GCC_WARN_UNUSED_VARIABLE = YES;
				IPHONEOS_DEPLOYMENT_TARGET = 15.0;
				MTL_ENABLE_DEBUG_INFO = INCLUDE_SOURCE;
				MTL_FAST_MATH = YES;
				ONLY_ACTIVE_ARCH = YES;
				SDKROOT = iphoneos;
				SWIFT_ACTIVE_COMPILATION_CONDITIONS = DEBUG;
				SWIFT_OPTIMIZATION_LEVEL = "-Onone";
			};
			name = Debug;
		};
		DC6B9135291ABEDA007505AF /* Release */ = {
			isa = XCBuildConfiguration;
			buildSettings = {
				ALWAYS_SEARCH_USER_PATHS = NO;
				CLANG_ANALYZER_NONNULL = YES;
				CLANG_ANALYZER_NUMBER_OBJECT_CONVERSION = YES_AGGRESSIVE;
				CLANG_CXX_LANGUAGE_STANDARD = "gnu++20";
				CLANG_ENABLE_MODULES = YES;
				CLANG_ENABLE_OBJC_ARC = YES;
				CLANG_ENABLE_OBJC_WEAK = YES;
				CLANG_WARN_BLOCK_CAPTURE_AUTORELEASING = YES;
				CLANG_WARN_BOOL_CONVERSION = YES;
				CLANG_WARN_COMMA = YES;
				CLANG_WARN_CONSTANT_CONVERSION = YES;
				CLANG_WARN_DEPRECATED_OBJC_IMPLEMENTATIONS = YES;
				CLANG_WARN_DIRECT_OBJC_ISA_USAGE = YES_ERROR;
				CLANG_WARN_DOCUMENTATION_COMMENTS = YES;
				CLANG_WARN_EMPTY_BODY = YES;
				CLANG_WARN_ENUM_CONVERSION = YES;
				CLANG_WARN_INFINITE_RECURSION = YES;
				CLANG_WARN_INT_CONVERSION = YES;
				CLANG_WARN_NON_LITERAL_NULL_CONVERSION = YES;
				CLANG_WARN_OBJC_IMPLICIT_RETAIN_SELF = YES;
				CLANG_WARN_OBJC_LITERAL_CONVERSION = YES;
				CLANG_WARN_OBJC_ROOT_CLASS = YES_ERROR;
				CLANG_WARN_QUOTED_INCLUDE_IN_FRAMEWORK_HEADER = YES;
				CLANG_WARN_RANGE_LOOP_ANALYSIS = YES;
				CLANG_WARN_STRICT_PROTOTYPES = YES;
				CLANG_WARN_SUSPICIOUS_MOVE = YES;
				CLANG_WARN_UNGUARDED_AVAILABILITY = YES_AGGRESSIVE;
				CLANG_WARN_UNREACHABLE_CODE = YES;
				CLANG_WARN__DUPLICATE_METHOD_MATCH = YES;
				COPY_PHASE_STRIP = NO;
				DEBUG_INFORMATION_FORMAT = "dwarf-with-dsym";
				ENABLE_NS_ASSERTIONS = NO;
				ENABLE_STRICT_OBJC_MSGSEND = YES;
				GCC_C_LANGUAGE_STANDARD = gnu11;
				GCC_NO_COMMON_BLOCKS = YES;
				GCC_WARN_64_TO_32_BIT_CONVERSION = YES;
				GCC_WARN_ABOUT_RETURN_TYPE = YES_ERROR;
				GCC_WARN_UNDECLARED_SELECTOR = YES;
				GCC_WARN_UNINITIALIZED_AUTOS = YES_AGGRESSIVE;
				GCC_WARN_UNUSED_FUNCTION = YES;
				GCC_WARN_UNUSED_VARIABLE = YES;
				IPHONEOS_DEPLOYMENT_TARGET = 15.0;
				MTL_ENABLE_DEBUG_INFO = NO;
				MTL_FAST_MATH = YES;
				SDKROOT = iphoneos;
				SWIFT_COMPILATION_MODE = wholemodule;
				SWIFT_OPTIMIZATION_LEVEL = "-O";
				VALIDATE_PRODUCT = YES;
			};
			name = Release;
		};
		DC6B9137291ABEDA007505AF /* Debug */ = {
			isa = XCBuildConfiguration;
			buildSettings = {
				ASSETCATALOG_COMPILER_APPICON_NAME = AppIcon;
				ASSETCATALOG_COMPILER_GLOBAL_ACCENT_COLOR_NAME = AccentColor;
				CODE_SIGN_STYLE = Automatic;
				CURRENT_PROJECT_VERSION = 1;
				DEVELOPMENT_TEAM = 88RH8RT76F;
				GENERATE_INFOPLIST_FILE = YES;
				INFOPLIST_FILE = PokemonApp/Info.plist;
				INFOPLIST_KEY_UIApplicationSupportsIndirectInputEvents = YES;
				INFOPLIST_KEY_UILaunchStoryboardName = LaunchScreen;
				INFOPLIST_KEY_UISupportedInterfaceOrientations_iPad = "UIInterfaceOrientationPortrait UIInterfaceOrientationPortraitUpsideDown UIInterfaceOrientationLandscapeLeft UIInterfaceOrientationLandscapeRight";
				INFOPLIST_KEY_UISupportedInterfaceOrientations_iPhone = "UIInterfaceOrientationPortrait UIInterfaceOrientationLandscapeLeft UIInterfaceOrientationLandscapeRight";
				LD_RUNPATH_SEARCH_PATHS = (
					"$(inherited)",
					"@executable_path/Frameworks",
				);
				MARKETING_VERSION = 1.0;
				PRODUCT_BUNDLE_IDENTIFIER = AnatoliStepanuke.PokemonApp;
				PRODUCT_NAME = "$(TARGET_NAME)";
				SWIFT_EMIT_LOC_STRINGS = YES;
				SWIFT_VERSION = 5.0;
				TARGETED_DEVICE_FAMILY = "1,2";
			};
			name = Debug;
		};
		DC6B9138291ABEDA007505AF /* Release */ = {
			isa = XCBuildConfiguration;
			buildSettings = {
				ASSETCATALOG_COMPILER_APPICON_NAME = AppIcon;
				ASSETCATALOG_COMPILER_GLOBAL_ACCENT_COLOR_NAME = AccentColor;
				CODE_SIGN_STYLE = Automatic;
				CURRENT_PROJECT_VERSION = 1;
				DEVELOPMENT_TEAM = 88RH8RT76F;
				GENERATE_INFOPLIST_FILE = YES;
				INFOPLIST_FILE = PokemonApp/Info.plist;
				INFOPLIST_KEY_UIApplicationSupportsIndirectInputEvents = YES;
				INFOPLIST_KEY_UILaunchStoryboardName = LaunchScreen;
				INFOPLIST_KEY_UISupportedInterfaceOrientations_iPad = "UIInterfaceOrientationPortrait UIInterfaceOrientationPortraitUpsideDown UIInterfaceOrientationLandscapeLeft UIInterfaceOrientationLandscapeRight";
				INFOPLIST_KEY_UISupportedInterfaceOrientations_iPhone = "UIInterfaceOrientationPortrait UIInterfaceOrientationLandscapeLeft UIInterfaceOrientationLandscapeRight";
				LD_RUNPATH_SEARCH_PATHS = (
					"$(inherited)",
					"@executable_path/Frameworks",
				);
				MARKETING_VERSION = 1.0;
				PRODUCT_BUNDLE_IDENTIFIER = AnatoliStepanuke.PokemonApp;
				PRODUCT_NAME = "$(TARGET_NAME)";
				SWIFT_EMIT_LOC_STRINGS = YES;
				SWIFT_VERSION = 5.0;
				TARGETED_DEVICE_FAMILY = "1,2";
			};
			name = Release;
		};
/* End XCBuildConfiguration section */

/* Begin XCConfigurationList section */
		DC6B911D291ABED8007505AF /* Build configuration list for PBXProject "PokemonApp" */ = {
			isa = XCConfigurationList;
			buildConfigurations = (
				DC6B9134291ABEDA007505AF /* Debug */,
				DC6B9135291ABEDA007505AF /* Release */,
			);
			defaultConfigurationIsVisible = 0;
			defaultConfigurationName = Release;
		};
		DC6B9136291ABEDA007505AF /* Build configuration list for PBXNativeTarget "PokemonApp" */ = {
			isa = XCConfigurationList;
			buildConfigurations = (
				DC6B9137291ABEDA007505AF /* Debug */,
				DC6B9138291ABEDA007505AF /* Release */,
			);
			defaultConfigurationIsVisible = 0;
			defaultConfigurationName = Release;
		};
/* End XCConfigurationList section */

/* Begin XCRemoteSwiftPackageReference section */
		DC679F14291C00D200AB8402 /* XCRemoteSwiftPackageReference "Alamofire" */ = {
			isa = XCRemoteSwiftPackageReference;
			repositoryURL = "https://github.com/Alamofire/Alamofire.git";
			requirement = {
				kind = upToNextMajorVersion;
				minimumVersion = 5.0.0;
			};
		};
/* End XCRemoteSwiftPackageReference section */

/* Begin XCSwiftPackageProductDependency section */
		DC679F15291C00D200AB8402 /* Alamofire */ = {
			isa = XCSwiftPackageProductDependency;
			package = DC679F14291C00D200AB8402 /* XCRemoteSwiftPackageReference "Alamofire" */;
			productName = Alamofire;
		};
/* End XCSwiftPackageProductDependency section */
	};
	rootObject = DC6B911A291ABED8007505AF /* Project object */;
}
